
Microsoft Visual Studio Solution File, Format Version 12.00
# Visual Studio Version 17
VisualStudioVersion = 17.13.35806.99 d17.13
MinimumVisualStudioVersion = 10.0.40219.1
Project("{FAE04EC0-301F-11D3-BF4B-00C04F79EFBC}") = "MVC", "WebApplication1\MVC.csproj", "{48C75311-065C-4877-8394-45E7FF6E44B1}"
EndProject
Global
	GlobalSection(SolutionConfigurationPlatforms) = preSolution
		Debug|Any CPU = Debug|Any CPU
		Release|Any CPU = Release|Any CPU
	EndGlobalSection
	GlobalSection(ProjectConfigurationPlatforms) = postSolution
		{48C75311-065C-4877-8394-45E7FF6E44B1}.Debug|Any CPU.ActiveCfg = Debug|Any CPU
		{48C75311-065C-4877-8394-45E7FF6E44B1}.Debug|Any CPU.Build.0 = Debug|Any CPU
		{48C75311-065C-4877-8394-45E7FF6E44B1}.Release|Any CPU.ActiveCfg = Release|Any CPU
		{48C75311-065C-4877-8394-45E7FF6E44B1}.Release|Any CPU.Build.0 = Release|Any CPU
	EndGlobalSection
	GlobalSection(SolutionProperties) = preSolution
		HideSolutionNode = FALSE
	EndGlobalSection
	GlobalSection(ExtensibilityGlobals) = postSolution
		SolutionGuid = {F254E02C-3602-47D5-8018-B75E82A2E2B1}
	EndGlobalSection
EndGlobal
